
Microsoft Visual Studio Solution File, Format Version 12.00
# Visual Studio 15
VisualStudioVersion = 15.0.28307.168
MinimumVisualStudioVersion = 10.0.40219.1
Project("{FAE04EC0-301F-11D3-BF4B-00C04F79EFBC}") = "NgoProjectk3", "NgoProjectk3\NgoProjectk3.csproj", "{D3DF4032-6FE7-469A-9745-F48D7FB68194}"
EndProject
Global
	GlobalSection(SolutionConfigurationPlatforms) = preSolution
		Debug|Any CPU = Debug|Any CPU
		Release|Any CPU = Release|Any CPU
	EndGlobalSection
	GlobalSection(ProjectConfigurationPlatforms) = postSolution
		{D3DF4032-6FE7-469A-9745-F48D7FB68194}.Debug|Any CPU.ActiveCfg = Debug|Any CPU
		{D3DF4032-6FE7-469A-9745-F48D7FB68194}.Debug|Any CPU.Build.0 = Debug|Any CPU
		{D3DF4032-6FE7-469A-9745-F48D7FB68194}.Release|Any CPU.ActiveCfg = Release|Any CPU
		{D3DF4032-6FE7-469A-9745-F48D7FB68194}.Release|Any CPU.Build.0 = Release|Any CPU
	EndGlobalSection
	GlobalSection(SolutionProperties) = preSolution
		HideSolutionNode = FALSE
	EndGlobalSection
	GlobalSection(ExtensibilityGlobals) = postSolution
		SolutionGuid = {3038AD6C-253B-4A18-B1C2-0A5C08494E9A}
	EndGlobalSection
EndGlobal
